
Microsoft Visual Studio Solution File, Format Version 12.00
# Visual Studio Version 16
VisualStudioVersion = 25.0.1706.0
MinimumVisualStudioVersion = 10.0.40219.1
Project("{FAE04EC0-301F-11D3-BF4B-00C04F79EFBC}") = "EFAssignment2", "EFAssignment2\EFAssignment2.csproj", "{A92E7B67-1DA8-438B-918A-701227281526}"
EndProject
Project("{FAE04EC0-301F-11D3-BF4B-00C04F79EFBC}") = "EFAssignment2.Core", "EFAssignment2.Core\EFAssignment2.Core.csproj", "{84B9F6AD-6C1D-4496-9C4F-DC32C6E01E9F}"
EndProject
Project("{FAE04EC0-301F-11D3-BF4B-00C04F79EFBC}") = "EFAssignment2.Infrastructure", "EFAssignment2.Infrastructure\EFAssignment2.Infrastructure.csproj", "{67C83828-5890-44FD-827F-0981C893BECE}"
EndProject
Project("{FAE04EC0-301F-11D3-BF4B-00C04F79EFBC}") = "EFAssignment2.Application", "EFAssignment2.Application\EFAssignment2.Application.csproj", "{4F363CA2-D62B-4B58-88AA-F2C865F6BEDA}"
EndProject
Global
	GlobalSection(SolutionConfigurationPlatforms) = preSolution
		Debug|Any CPU = Debug|Any CPU
		Release|Any CPU = Release|Any CPU
	EndGlobalSection
	GlobalSection(ProjectConfigurationPlatforms) = postSolution
		{A92E7B67-1DA8-438B-918A-701227281526}.Debug|Any CPU.ActiveCfg = Debug|Any CPU
		{A92E7B67-1DA8-438B-918A-701227281526}.Debug|Any CPU.Build.0 = Debug|Any CPU
		{A92E7B67-1DA8-438B-918A-701227281526}.Release|Any CPU.ActiveCfg = Release|Any CPU
		{A92E7B67-1DA8-438B-918A-701227281526}.Release|Any CPU.Build.0 = Release|Any CPU
		{84B9F6AD-6C1D-4496-9C4F-DC32C6E01E9F}.Debug|Any CPU.ActiveCfg = Debug|Any CPU
		{84B9F6AD-6C1D-4496-9C4F-DC32C6E01E9F}.Debug|Any CPU.Build.0 = Debug|Any CPU
		{84B9F6AD-6C1D-4496-9C4F-DC32C6E01E9F}.Release|Any CPU.ActiveCfg = Release|Any CPU
		{84B9F6AD-6C1D-4496-9C4F-DC32C6E01E9F}.Release|Any CPU.Build.0 = Release|Any CPU
		{67C83828-5890-44FD-827F-0981C893BECE}.Debug|Any CPU.ActiveCfg = Debug|Any CPU
		{67C83828-5890-44FD-827F-0981C893BECE}.Debug|Any CPU.Build.0 = Debug|Any CPU
		{67C83828-5890-44FD-827F-0981C893BECE}.Release|Any CPU.ActiveCfg = Release|Any CPU
		{67C83828-5890-44FD-827F-0981C893BECE}.Release|Any CPU.Build.0 = Release|Any CPU
		{4F363CA2-D62B-4B58-88AA-F2C865F6BEDA}.Debug|Any CPU.ActiveCfg = Debug|Any CPU
		{4F363CA2-D62B-4B58-88AA-F2C865F6BEDA}.Debug|Any CPU.Build.0 = Debug|Any CPU
		{4F363CA2-D62B-4B58-88AA-F2C865F6BEDA}.Release|Any CPU.ActiveCfg = Release|Any CPU
		{4F363CA2-D62B-4B58-88AA-F2C865F6BEDA}.Release|Any CPU.Build.0 = Release|Any CPU
	EndGlobalSection
	GlobalSection(SolutionProperties) = preSolution
		HideSolutionNode = FALSE
	EndGlobalSection
	GlobalSection(ExtensibilityGlobals) = postSolution
		SolutionGuid = {EA341307-A1CD-44BA-8239-6E654EBDA532}
	EndGlobalSection
EndGlobal
